
Microsoft Visual Studio Solution File, Format Version 12.00
# Visual Studio Version 17
VisualStudioVersion = 17.10.35027.167
MinimumVisualStudioVersion = 10.0.40219.1
Project("{FAE04EC0-301F-11D3-BF4B-00C04F79EFBC}") = "MyClub.UI", "MyClub.UI\MyClub.UI.csproj", "{A650C443-EEBF-4DE8-A66C-E80E817A3ADC}"
EndProject
Project("{FAE04EC0-301F-11D3-BF4B-00C04F79EFBC}") = "SecurityLib", "SecurityLib\SecurityLib.csproj", "{67D0E78F-3D96-4A70-A14E-03EEC0BCC5B0}"
EndProject
Project("{FAE04EC0-301F-11D3-BF4B-00C04F79EFBC}") = "MyClubLib", "MyClubLib\MyClubLib.csproj", "{851890DD-E301-4134-B8DA-7AD01BBF4B2A}"
EndProject
Global
	GlobalSection(SolutionConfigurationPlatforms) = preSolution
		Debug|Any CPU = Debug|Any CPU
		Release|Any CPU = Release|Any CPU
	EndGlobalSection
	GlobalSection(ProjectConfigurationPlatforms) = postSolution
		{A650C443-EEBF-4DE8-A66C-E80E817A3ADC}.Debug|Any CPU.ActiveCfg = Debug|Any CPU
		{A650C443-EEBF-4DE8-A66C-E80E817A3ADC}.Debug|Any CPU.Build.0 = Debug|Any CPU
		{A650C443-EEBF-4DE8-A66C-E80E817A3ADC}.Release|Any CPU.ActiveCfg = Release|Any CPU
		{A650C443-EEBF-4DE8-A66C-E80E817A3ADC}.Release|Any CPU.Build.0 = Release|Any CPU
		{67D0E78F-3D96-4A70-A14E-03EEC0BCC5B0}.Debug|Any CPU.ActiveCfg = Debug|Any CPU
		{67D0E78F-3D96-4A70-A14E-03EEC0BCC5B0}.Debug|Any CPU.Build.0 = Debug|Any CPU
		{67D0E78F-3D96-4A70-A14E-03EEC0BCC5B0}.Release|Any CPU.ActiveCfg = Release|Any CPU
		{67D0E78F-3D96-4A70-A14E-03EEC0BCC5B0}.Release|Any CPU.Build.0 = Release|Any CPU
		{851890DD-E301-4134-B8DA-7AD01BBF4B2A}.Debug|Any CPU.ActiveCfg = Debug|Any CPU
		{851890DD-E301-4134-B8DA-7AD01BBF4B2A}.Debug|Any CPU.Build.0 = Debug|Any CPU
		{851890DD-E301-4134-B8DA-7AD01BBF4B2A}.Release|Any CPU.ActiveCfg = Release|Any CPU
		{851890DD-E301-4134-B8DA-7AD01BBF4B2A}.Release|Any CPU.Build.0 = Release|Any CPU
	EndGlobalSection
	GlobalSection(SolutionProperties) = preSolution
		HideSolutionNode = FALSE
	EndGlobalSection
	GlobalSection(ExtensibilityGlobals) = postSolution
		SolutionGuid = {25BE32AB-79A0-4375-8C90-DD8DF6F60FC5}
	EndGlobalSection
EndGlobal
